
Microsoft Visual Studio Solution File, Format Version 12.00
# Visual Studio Version 17
VisualStudioVersion = 17.0.31903.59
MinimumVisualStudioVersion = 10.0.40219.1
Project("{2150E333-8FDC-42A3-9474-1A3956D46DE8}") = "src", "src", "{827E0CD3-B72D-47B6-A68D-7590B98EB39B}"
EndProject
Project("{FAE04EC0-301F-11D3-BF4B-00C04F79EFBC}") = "PayrollEngine.Domain", "src\PayrollEngine.Domain\PayrollEngine.Domain.csproj", "{37188B11-434C-44AC-9061-CD71242DBE92}"
EndProject
Project("{FAE04EC0-301F-11D3-BF4B-00C04F79EFBC}") = "PayrollEngine.Application", "src\PayrollEngine.Application\PayrollEngine.Application.csproj", "{6C8CF4A1-DCEE-4EBF-8BB9-3592088F9579}"
EndProject
Project("{FAE04EC0-301F-11D3-BF4B-00C04F79EFBC}") = "PayrollEngine.Infrastructure", "src\PayrollEngine.Infrastructure\PayrollEngine.Infrastructure.csproj", "{4C57CA5C-724D-49B3-A02F-BE5DE1BBFCB1}"
EndProject
Project("{FAE04EC0-301F-11D3-BF4B-00C04F79EFBC}") = "PayrollEngine.Api", "src\PayrollEngine.Api\PayrollEngine.Api.csproj", "{CCC3DA75-4D41-4402-BDEA-EDF30A5D7826}"
EndProject
Project("{FAE04EC0-301F-11D3-BF4B-00C04F79EFBC}") = "PayrollEngine.Ui", "src\PayrollEngine.Ui\PayrollEngine.Ui.csproj", "{4E6C12F3-56C1-4955-9825-14718EF45742}"
EndProject
Project("{2150E333-8FDC-42A3-9474-1A3956D46DE8}") = "tools", "tools", "{07C2787E-EAC7-C090-1BA3-A61EC2A24D84}"
EndProject
Project("{FAE04EC0-301F-11D3-BF4B-00C04F79EFBC}") = "PayrollEngine.Seeder", "tools\PayrollEngine.Seeder\PayrollEngine.Seeder.csproj", "{817E71E8-675E-4E2F-B538-A0798132E7BB}"
EndProject
Global
	GlobalSection(SolutionConfigurationPlatforms) = preSolution
		Debug|Any CPU = Debug|Any CPU
		Debug|x64 = Debug|x64
		Debug|x86 = Debug|x86
		Release|Any CPU = Release|Any CPU
		Release|x64 = Release|x64
		Release|x86 = Release|x86
	EndGlobalSection
	GlobalSection(ProjectConfigurationPlatforms) = postSolution
		{37188B11-434C-44AC-9061-CD71242DBE92}.Debug|Any CPU.ActiveCfg = Debug|Any CPU
		{37188B11-434C-44AC-9061-CD71242DBE92}.Debug|Any CPU.Build.0 = Debug|Any CPU
		{37188B11-434C-44AC-9061-CD71242DBE92}.Debug|x64.ActiveCfg = Debug|Any CPU
		{37188B11-434C-44AC-9061-CD71242DBE92}.Debug|x64.Build.0 = Debug|Any CPU
		{37188B11-434C-44AC-9061-CD71242DBE92}.Debug|x86.ActiveCfg = Debug|Any CPU
		{37188B11-434C-44AC-9061-CD71242DBE92}.Debug|x86.Build.0 = Debug|Any CPU
		{37188B11-434C-44AC-9061-CD71242DBE92}.Release|Any CPU.ActiveCfg = Release|Any CPU
		{37188B11-434C-44AC-9061-CD71242DBE92}.Release|Any CPU.Build.0 = Release|Any CPU
		{37188B11-434C-44AC-9061-CD71242DBE92}.Release|x64.ActiveCfg = Release|Any CPU
		{37188B11-434C-44AC-9061-CD71242DBE92}.Release|x64.Build.0 = Release|Any CPU
		{37188B11-434C-44AC-9061-CD71242DBE92}.Release|x86.ActiveCfg = Release|Any CPU
		{37188B11-434C-44AC-9061-CD71242DBE92}.Release|x86.Build.0 = Release|Any CPU
		{6C8CF4A1-DCEE-4EBF-8BB9-3592088F9579}.Debug|Any CPU.ActiveCfg = Debug|Any CPU
		{6C8CF4A1-DCEE-4EBF-8BB9-3592088F9579}.Debug|Any CPU.Build.0 = Debug|Any CPU
		{6C8CF4A1-DCEE-4EBF-8BB9-3592088F9579}.Debug|x64.ActiveCfg = Debug|Any CPU
		{6C8CF4A1-DCEE-4EBF-8BB9-3592088F9579}.Debug|x64.Build.0 = Debug|Any CPU
		{6C8CF4A1-DCEE-4EBF-8BB9-3592088F9579}.Debug|x86.ActiveCfg = Debug|Any CPU
		{6C8CF4A1-DCEE-4EBF-8BB9-3592088F9579}.Debug|x86.Build.0 = Debug|Any CPU
		{6C8CF4A1-DCEE-4EBF-8BB9-3592088F9579}.Release|Any CPU.ActiveCfg = Release|Any CPU
		{6C8CF4A1-DCEE-4EBF-8BB9-3592088F9579}.Release|Any CPU.Build.0 = Release|Any CPU
		{6C8CF4A1-DCEE-4EBF-8BB9-3592088F9579}.Release|x64.ActiveCfg = Release|Any CPU
		{6C8CF4A1-DCEE-4EBF-8BB9-3592088F9579}.Release|x64.Build.0 = Release|Any CPU
		{6C8CF4A1-DCEE-4EBF-8BB9-3592088F9579}.Release|x86.ActiveCfg = Release|Any CPU
		{6C8CF4A1-DCEE-4EBF-8BB9-3592088F9579}.Release|x86.Build.0 = Release|Any CPU
		{4C57CA5C-724D-49B3-A02F-BE5DE1BBFCB1}.Debug|Any CPU.ActiveCfg = Debug|Any CPU
		{4C57CA5C-724D-49B3-A02F-BE5DE1BBFCB1}.Debug|Any CPU.Build.0 = Debug|Any CPU
		{4C57CA5C-724D-49B3-A02F-BE5DE1BBFCB1}.Debug|x64.ActiveCfg = Debug|Any CPU
		{4C57CA5C-724D-49B3-A02F-BE5DE1BBFCB1}.Debug|x64.Build.0 = Debug|Any CPU
		{4C57CA5C-724D-49B3-A02F-BE5DE1BBFCB1}.Debug|x86.ActiveCfg = Debug|Any CPU
		{4C57CA5C-724D-49B3-A02F-BE5DE1BBFCB1}.Debug|x86.Build.0 = Debug|Any CPU
		{4C57CA5C-724D-49B3-A02F-BE5DE1BBFCB1}.Release|Any CPU.ActiveCfg = Release|Any CPU
		{4C57CA5C-724D-49B3-A02F-BE5DE1BBFCB1}.Release|Any CPU.Build.0 = Release|Any CPU
		{4C57CA5C-724D-49B3-A02F-BE5DE1BBFCB1}.Release|x64.ActiveCfg = Release|Any CPU
		{4C57CA5C-724D-49B3-A02F-BE5DE1BBFCB1}.Release|x64.Build.0 = Release|Any CPU
		{4C57CA5C-724D-49B3-A02F-BE5DE1BBFCB1}.Release|x86.ActiveCfg = Release|Any CPU
		{4C57CA5C-724D-49B3-A02F-BE5DE1BBFCB1}.Release|x86.Build.0 = Release|Any CPU
		{CCC3DA75-4D41-4402-BDEA-EDF30A5D7826}.Debug|Any CPU.ActiveCfg = Debug|Any CPU
		{CCC3DA75-4D41-4402-BDEA-EDF30A5D7826}.Debug|Any CPU.Build.0 = Debug|Any CPU
		{CCC3DA75-4D41-4402-BDEA-EDF30A5D7826}.Debug|x64.ActiveCfg = Debug|Any CPU
		{CCC3DA75-4D41-4402-BDEA-EDF30A5D7826}.Debug|x64.Build.0 = Debug|Any CPU
		{CCC3DA75-4D41-4402-BDEA-EDF30A5D7826}.Debug|x86.ActiveCfg = Debug|Any CPU
		{CCC3DA75-4D41-4402-BDEA-EDF30A5D7826}.Debug|x86.Build.0 = Debug|Any CPU
		{CCC3DA75-4D41-4402-BDEA-EDF30A5D7826}.Release|Any CPU.ActiveCfg = Release|Any CPU
		{CCC3DA75-4D41-4402-BDEA-EDF30A5D7826}.Release|Any CPU.Build.0 = Release|Any CPU
		{CCC3DA75-4D41-4402-BDEA-EDF30A5D7826}.Release|x64.ActiveCfg = Release|Any CPU
		{CCC3DA75-4D41-4402-BDEA-EDF30A5D7826}.Release|x64.Build.0 = Release|Any CPU
		{CCC3DA75-4D41-4402-BDEA-EDF30A5D7826}.Release|x86.ActiveCfg = Release|Any CPU
		{CCC3DA75-4D41-4402-BDEA-EDF30A5D7826}.Release|x86.Build.0 = Release|Any CPU
		{4E6C12F3-56C1-4955-9825-14718EF45742}.Debug|Any CPU.ActiveCfg = Debug|Any CPU
		{4E6C12F3-56C1-4955-9825-14718EF45742}.Debug|Any CPU.Build.0 = Debug|Any CPU
		{4E6C12F3-56C1-4955-9825-14718EF45742}.Debug|x64.ActiveCfg = Debug|Any CPU
		{4E6C12F3-56C1-4955-9825-14718EF45742}.Debug|x64.Build.0 = Debug|Any CPU
		{4E6C12F3-56C1-4955-9825-14718EF45742}.Debug|x86.ActiveCfg = Debug|Any CPU
		{4E6C12F3-56C1-4955-9825-14718EF45742}.Debug|x86.Build.0 = Debug|Any CPU
		{4E6C12F3-56C1-4955-9825-14718EF45742}.Release|Any CPU.ActiveCfg = Release|Any CPU
		{4E6C12F3-56C1-4955-9825-14718EF45742}.Release|Any CPU.Build.0 = Release|Any CPU
		{4E6C12F3-56C1-4955-9825-14718EF45742}.Release|x64.ActiveCfg = Release|Any CPU
		{4E6C12F3-56C1-4955-9825-14718EF45742}.Release|x64.Build.0 = Release|Any CPU
		{4E6C12F3-56C1-4955-9825-14718EF45742}.Release|x86.ActiveCfg = Release|Any CPU
		{4E6C12F3-56C1-4955-9825-14718EF45742}.Release|x86.Build.0 = Release|Any CPU
		{817E71E8-675E-4E2F-B538-A0798132E7BB}.Debug|Any CPU.ActiveCfg = Debug|Any CPU
		{817E71E8-675E-4E2F-B538-A0798132E7BB}.Debug|Any CPU.Build.0 = Debug|Any CPU
		{817E71E8-675E-4E2F-B538-A0798132E7BB}.Debug|x64.ActiveCfg = Debug|Any CPU
		{817E71E8-675E-4E2F-B538-A0798132E7BB}.Debug|x64.Build.0 = Debug|Any CPU
		{817E71E8-675E-4E2F-B538-A0798132E7BB}.Debug|x86.ActiveCfg = Debug|Any CPU
		{817E71E8-675E-4E2F-B538-A0798132E7BB}.Debug|x86.Build.0 = Debug|Any CPU
		{817E71E8-675E-4E2F-B538-A0798132E7BB}.Release|Any CPU.ActiveCfg = Release|Any CPU
		{817E71E8-675E-4E2F-B538-A0798132E7BB}.Release|Any CPU.Build.0 = Release|Any CPU
		{817E71E8-675E-4E2F-B538-A0798132E7BB}.Release|x64.ActiveCfg = Release|Any CPU
		{817E71E8-675E-4E2F-B538-A0798132E7BB}.Release|x64.Build.0 = Release|Any CPU
		{817E71E8-675E-4E2F-B538-A0798132E7BB}.Release|x86.ActiveCfg = Release|Any CPU
		{817E71E8-675E-4E2F-B538-A0798132E7BB}.Release|x86.Build.0 = Release|Any CPU
	EndGlobalSection
	GlobalSection(SolutionProperties) = preSolution
		HideSolutionNode = FALSE
	EndGlobalSection
	GlobalSection(NestedProjects) = preSolution
		{37188B11-434C-44AC-9061-CD71242DBE92} = {827E0CD3-B72D-47B6-A68D-7590B98EB39B}
		{6C8CF4A1-DCEE-4EBF-8BB9-3592088F9579} = {827E0CD3-B72D-47B6-A68D-7590B98EB39B}
		{4C57CA5C-724D-49B3-A02F-BE5DE1BBFCB1} = {827E0CD3-B72D-47B6-A68D-7590B98EB39B}
		{CCC3DA75-4D41-4402-BDEA-EDF30A5D7826} = {827E0CD3-B72D-47B6-A68D-7590B98EB39B}
		{4E6C12F3-56C1-4955-9825-14718EF45742} = {827E0CD3-B72D-47B6-A68D-7590B98EB39B}
		{817E71E8-675E-4E2F-B538-A0798132E7BB} = {07C2787E-EAC7-C090-1BA3-A61EC2A24D84}
	EndGlobalSection
EndGlobal
